<?xml version="1.0" encoding="utf-8"?>
<Project ToolsVersion="4.0" xmlns="http://schemas.microsoft.com/developer/msbuild/2003">
  <ItemGroup>
    <Filter Include="Source Files">
      <UniqueIdentifier>{4FC737F1-C7A5-4376-A066-2A32D752A2FF}</UniqueIdentifier>
      <Extensions>cpp;c;cc;cxx;c++;cppm;ixx;def;odl;idl;hpj;bat;asm;asmx</Extensions>
    </Filter>
    <Filter Include="Header Files">
      <UniqueIdentifier>{93995380-89BD-4b04-88EB-625FBE52EBFB}</UniqueIdentifier>
      <Extensions>h;hh;hpp;hxx;h++;hm;inl;inc;ipp;xsd</Extensions>
    </Filter>
    <Filter Include="Resource Files">
      <UniqueIdentifier>{67DA6AB6-F800-4c08-8B7A-83BB121AAD01}</UniqueIdentifier>
      <Extensions>rc;ico;cur;bmp;dlg;rc2;rct;bin;rgs;gif;jpg;jpeg;jpe;resx;tiff;tif;png;wav;mfcribbon-ms</Extensions>
    </Filter>
    <Filter Include="Source Files\components">
      <UniqueIdentifier>{e150ae23-673a-4993-b86a-1aeac5f80689}</UniqueIdentifier>
    </Filter>
    <Filter Include="Source Files\utils">
      <UniqueIdentifier>{8c71854d-1da1-4a71-b046-6946a080a040}</UniqueIdentifier>
    </Filter>
    <Filter Include="Source Files\extras">
      <UniqueIdentifier>{949db6ab-fda0-449c-ac84-09b134052225}</UniqueIdentifier>
    </Filter>
  </ItemGroup>
  <ItemGroup>
    <ClCompile Include="..\..\..\..\src\ATmega32u4.cpp">
      <Filter>Source Files</Filter>
    </ClCompile>
    <ClCompile Include="..\..\..\..\src\components\DataSpace.cpp">
      <Filter>Source Files\components</Filter>
    </ClCompile>
    <ClCompile Include="..\..\..\..\src\components\Flash.cpp">
      <Filter>Source Files\components</Filter>
    </ClCompile>
    <ClCompile Include="..\..\..\..\src\components\InstHandler.cpp">
      <Filter>Source Files\components</Filter>
    </ClCompile>
    <ClCompile Include="..\..\..\..\src\components\CPU.cpp">
      <Filter>Source Files\components</Filter>
    </ClCompile>
    <ClCompile Include="..\..\..\..\src\utils\bitArray.cpp">
      <Filter>Source Files\utils</Filter>
    </ClCompile>
    <ClCompile Include="..\..\..\..\src\extras\Analytics.cpp">
      <Filter>Source Files\extras</Filter>
    </ClCompile>
    <ClCompile Include="..\..\..\..\src\extras\Debugger.cpp">
      <Filter>Source Files\extras</Filter>
    </ClCompile>
    <ClCompile Include="..\..\..\..\src\extras\Disassember.cpp">
      <Filter>Source Files\extras</Filter>
    </ClCompile>
    <ClCompile Include="..\..\..\..\src\extras\ElfReader.cpp">
      <Filter>Source Files\extras</Filter>
    </ClCompile>
    <ClCompile Include="..\..\..\..\src\extras\SymbolTable.cpp">
      <Filter>Source Files\extras</Filter>
    </ClCompile>
  </ItemGroup>
  <ItemGroup>
    <ClInclude Include="..\..\..\..\src\ATmega32u4.h">
      <Filter>Source Files</Filter>
    </ClInclude>
    <ClInclude Include="..\..\..\..\src\components\DataSpace.h">
      <Filter>Source Files\components</Filter>
    </ClInclude>
    <ClInclude Include="..\..\..\..\src\components\DataspaceConstants.h">
      <Filter>Source Files\components</Filter>
    </ClInclude>
    <ClInclude Include="..\..\..\..\src\components\Flash.h">
      <Filter>Source Files\components</Filter>
    </ClInclude>
    <ClInclude Include="..\..\..\..\src\components\InstHandler.h">
      <Filter>Source Files\components</Filter>
    </ClInclude>
    <ClInclude Include="..\..\..\..\src\components\InstHandlerTemplates.h">
      <Filter>Source Files\components</Filter>
    </ClInclude>
    <ClInclude Include="..\..\..\..\src\components\InstInds.h">
      <Filter>Source Files\components</Filter>
    </ClInclude>
    <ClInclude Include="..\..\..\..\src\components\CPU.h">
      <Filter>Source Files\components</Filter>
    </ClInclude>
    <ClInclude Include="..\..\..\..\src\components\CPUTemplates.h">
      <Filter>Source Files\components</Filter>
    </ClInclude>
    <ClInclude Include="..\..\..\..\src\utils\bitMacros.h">
      <Filter>Source Files\utils</Filter>
    </ClInclude>
    <ClInclude Include="..\..\..\..\src\utils\bitArray.h">
      <Filter>Source Files\utils</Filter>
    </ClInclude>
    <ClInclude Include="..\..\..\..\src\A32u4Types.h">
      <Filter>Source Files</Filter>
    </ClInclude>
    <ClInclude Include="..\..\..\..\src\extras\Analytics.h">
      <Filter>Source Files\extras</Filter>
    </ClInclude>
    <ClInclude Include="..\..\..\..\src\extras\Debugger.h">
      <Filter>Source Files\extras</Filter>
    </ClInclude>
    <ClInclude Include="..\..\..\..\src\extras\Disassembler.h">
      <Filter>Source Files\extras</Filter>
    </ClInclude>
    <ClInclude Include="..\..\..\..\src\extras\ElfReader.h">
      <Filter>Source Files\extras</Filter>
    </ClInclude>
    <ClInclude Include="..\..\..\..\src\extras\SymbolTable.h">
      <Filter>Source Files\extras</Filter>
    </ClInclude>
  </ItemGroup>
</Project>